
Microsoft Visual Studio Solution File, Format Version 12.00
# Visual Studio 15
VisualStudioVersion = 15.0.26730.12
MinimumVisualStudioVersion = 10.0.40219.1
Project("{FAE04EC0-301F-11D3-BF4B-00C04F79EFBC}") = "RawaJalalAssignment1", "RawaJalalAssignment1\RawaJalalAssignment1.csproj", "{ABB05B54-E17B-44D5-8E79-68A1502F2675}"
EndProject
Global
	GlobalSection(SolutionConfigurationPlatforms) = preSolution
		Debug|Any CPU = Debug|Any CPU
		Release|Any CPU = Release|Any CPU
	EndGlobalSection
	GlobalSection(ProjectConfigurationPlatforms) = postSolution
		{ABB05B54-E17B-44D5-8E79-68A1502F2675}.Debug|Any CPU.ActiveCfg = Debug|Any CPU
		{ABB05B54-E17B-44D5-8E79-68A1502F2675}.Debug|Any CPU.Build.0 = Debug|Any CPU
		{ABB05B54-E17B-44D5-8E79-68A1502F2675}.Release|Any CPU.ActiveCfg = Release|Any CPU
		{ABB05B54-E17B-44D5-8E79-68A1502F2675}.Release|Any CPU.Build.0 = Release|Any CPU
	EndGlobalSection
	GlobalSection(SolutionProperties) = preSolution
		HideSolutionNode = FALSE
	EndGlobalSection
	GlobalSection(ExtensibilityGlobals) = postSolution
		SolutionGuid = {5A952955-A7AA-4500-8690-B0B409153976}
	EndGlobalSection
EndGlobal
